
Microsoft Visual Studio Solution File, Format Version 12.00
# Visual Studio Version 16
VisualStudioVersion = 16.0.30204.135
MinimumVisualStudioVersion = 10.0.40219.1
Project("{FAE04EC0-301F-11D3-BF4B-00C04F79EFBC}") = "AtenHdmiSwitch", "AtenHdmiSwitch\AtenHdmiSwitch.csproj", "{B979A061-01D4-4C32-B2DD-B6D45FFC102E}"
EndProject
Global
	GlobalSection(SolutionConfigurationPlatforms) = preSolution
		Debug|Any CPU = Debug|Any CPU
		Release|Any CPU = Release|Any CPU
	EndGlobalSection
	GlobalSection(ProjectConfigurationPlatforms) = postSolution
		{B979A061-01D4-4C32-B2DD-B6D45FFC102E}.Debug|Any CPU.ActiveCfg = Debug|Any CPU
		{B979A061-01D4-4C32-B2DD-B6D45FFC102E}.Debug|Any CPU.Build.0 = Debug|Any CPU
		{B979A061-01D4-4C32-B2DD-B6D45FFC102E}.Release|Any CPU.ActiveCfg = Release|Any CPU
		{B979A061-01D4-4C32-B2DD-B6D45FFC102E}.Release|Any CPU.Build.0 = Release|Any CPU
	EndGlobalSection
	GlobalSection(SolutionProperties) = preSolution
		HideSolutionNode = FALSE
	EndGlobalSection
	GlobalSection(ExtensibilityGlobals) = postSolution
		SolutionGuid = {15D11750-4897-4F40-9510-301251B493CB}
	EndGlobalSection
EndGlobal
